# THIS IS AN AUTOGENERATED FILE. DO NOT EDIT THIS FILE DIRECTLY.
# yarn lockfile v1


"@babel/parser@^7.18.4":
  version "7.23.3"
  resolved "https://registry.yarnpkg.com/@babel/parser/-/parser-7.23.3.tgz#0ce0be31a4ca4f1884b5786057cadcb6c3be58f9"
  integrity sha512-uVsWNvlVsIninV2prNz/3lHCb+5CJ+e+IUBfbjToAHODtfGYLfCFuY4AU7TskI+dAKk+njsPiBjq1gKTvZOBaw==

"@tweenjs/tween.js@~18.6.4":
  version "18.6.4"
  resolved "https://registry.yarnpkg.com/@tweenjs/tween.js/-/tween.js-18.6.4.tgz#40a3d0a93647124872dec8e0fd1bd5926695b6ca"
  integrity sha512-lB9lMjuqjtuJrx7/kOkqQBtllspPIN+96OvTCeJ2j5FEzinoAXTdAMFnDAQT1KVPRlnYfBrqxtqP66vDM40xxQ==

"@types/jquery@^3.5.4":
  version "3.5.27"
  resolved "https://registry.yarnpkg.com/@types/jquery/-/jquery-3.5.27.tgz#d9d67a003d0292a36fe35868a618c82f8fd12b19"
  integrity sha512-TR28Y8ezIGgfyA02UOh9x+Fy16/1qWYAnvtRd2gTBJuccX/vmddyti0MezLkTv7f+OLofVc2T961VPyKv1tXJQ==
  dependencies:
    "@types/sizzle" "*"

"@types/sizzle@*":
  version "2.3.6"
  resolved "https://registry.yarnpkg.com/@types/sizzle/-/sizzle-2.3.6.tgz#e39b7123dac4631001939bd4c2a26d46010f2275"
  integrity sha512-m04Om5Gz6kbjUwAQ7XJJQ30OdEFsSmAVsvn4NYwcTRyMVpKKa1aPuESw1n2CxS5fYkOQv3nHgDKeNa8e76fUkw==

"@types/stats.js@*":
  version "0.17.3"
  resolved "https://registry.yarnpkg.com/@types/stats.js/-/stats.js-0.17.3.tgz#705446e12ce0fad618557dd88236f51148b7a935"
  integrity sha512-pXNfAD3KHOdif9EQXZ9deK82HVNaXP5ZIF5RP2QG6OQFNTaY2YIetfrE9t528vEreGQvEPRDDc8muaoYeK0SxQ==

"@types/three@^0.155.0":
  version "0.155.1"
  resolved "https://registry.yarnpkg.com/@types/three/-/three-0.155.1.tgz#03e1cc9bf7132f50606254611ff5f68ccd682b05"
  integrity sha512-uNUwnz/wWRxahjIqTtDYQ1qdE1R1py21obxfuILkT+kKrjocMwRLQQA1l8nMxfQU7VXb7CXu04ucMo8OqZt4ZA==
  dependencies:
    "@tweenjs/tween.js" "~18.6.4"
    "@types/stats.js" "*"
    "@types/webxr" "*"
    fflate "~0.6.9"
    lil-gui "~0.17.0"
    meshoptimizer "~0.18.1"

"@types/tinycolor2@^1.4.3":
  version "1.4.6"
  resolved "https://registry.yarnpkg.com/@types/tinycolor2/-/tinycolor2-1.4.6.tgz#670cbc0caf4e58dd61d1e3a6f26386e473087f06"
  integrity sha512-iEN8J0BoMnsWBqjVbWH/c0G0Hh7O21lpR2/+PrvAVgWdzL7eexIFm4JN/Wn10PTcmNdtS6U67r499mlWMXOxNw==

"@types/webxr@*":
  version "0.5.8"
  resolved "https://registry.yarnpkg.com/@types/webxr/-/webxr-0.5.8.tgz#904535c778318d434d9236872404fca47ce43260"
  integrity sha512-9vRpV4nMzuZIdJiu/nHUk1AQV0cguaBI32DIauJXBxpvG3wiXk3VD+kQKx111V7I/YvAoGyJZTyhaWODYEbZ0w==

"@vue/compiler-sfc@2.7.15":
  version "2.7.15"
  resolved "https://registry.yarnpkg.com/@vue/compiler-sfc/-/compiler-sfc-2.7.15.tgz#62135fb2f69559fc723fd9c56b8e8b0ac7864a0b"
  integrity sha512-FCvIEevPmgCgqFBH7wD+3B97y7u7oj/Wr69zADBf403Tui377bThTjBvekaZvlRr4IwUAu3M6hYZeULZFJbdYg==
  dependencies:
    "@babel/parser" "^7.18.4"
    postcss "^8.4.14"
    source-map "^0.6.1"

blockbench-types@^4.8.0:
  version "4.8.0"
  resolved "https://registry.yarnpkg.com/blockbench-types/-/blockbench-types-4.8.0.tgz#75e1f34ade5bea47be58d55cda1c5f77de1e5f8b"
  integrity sha512-Vl7QdoaPCyK6hFutG5dEiuIFz1Af/Re/hTMBpcka4P6R6B1SQRZHi6XgDhc7TQ8GANqPM3ugKklRMU1qfogdJw==
  dependencies:
    "@types/jquery" "^3.5.4"
    "@types/three" "^0.155.0"
    "@types/tinycolor2" "^1.4.3"
    three "^0.129.0"
    typescript "^4.9.5"
    vue "^2.6.14"
    wintersky "^1.2.1"

csstype@^3.1.0:
  version "3.1.2"
  resolved "https://registry.yarnpkg.com/csstype/-/csstype-3.1.2.tgz#1d4bf9d572f11c14031f0436e1c10bc1f571f50b"
  integrity sha512-I7K1Uu0MBPzaFKg4nI5Q7Vs2t+3gWWW648spaF+Rg7pI9ds18Ugn+lvg4SHczUdKlHI5LWBXyqfS8+DufyBsgQ==

fflate@~0.6.9:
  version "0.6.10"
  resolved "https://registry.yarnpkg.com/fflate/-/fflate-0.6.10.tgz#5f40f9659205936a2d18abf88b2e7781662b6d43"
  integrity sha512-IQrh3lEPM93wVCEczc9SaAOvkmcoQn/G8Bo1e8ZPlY3X3bnAxWaBdvTdvM1hP62iZp0BXWDy4vTAy4fF0+Dlpg==

lil-gui@~0.17.0:
  version "0.17.0"
  resolved "https://registry.yarnpkg.com/lil-gui/-/lil-gui-0.17.0.tgz#b41ae55d0023fcd9185f7395a218db0f58189663"
  integrity sha512-MVBHmgY+uEbmJNApAaPbtvNh1RCAeMnKym82SBjtp5rODTYKWtM+MXHCifLe2H2Ti1HuBGBtK/5SyG4ShQ3pUQ==

meshoptimizer@~0.18.1:
  version "0.18.1"
  resolved "https://registry.yarnpkg.com/meshoptimizer/-/meshoptimizer-0.18.1.tgz#cdb90907f30a7b5b1190facd3b7ee6b7087797d8"
  integrity sha512-ZhoIoL7TNV4s5B6+rx5mC//fw8/POGyNxS/DZyCJeiZ12ScLfVwRE/GfsxwiTkMYYD5DmK2/JXnEVXqL4rF+Sw==

molangjs@^1.6.1:
  version "1.6.2"
  resolved "https://registry.yarnpkg.com/molangjs/-/molangjs-1.6.2.tgz#396313d63271f1a44146fa86fd3265072d0f4e1a"
  integrity sha512-x4qOvd+kFl9Om99RIjbAFMRHem3D2ZaGqA+7dm9qQWirX4lKp6m7E+vCQy+IcW1IOoHqers88sUqr1CTNHOhAA==

nanoid@^3.3.6:
  version "3.3.7"
  resolved "https://registry.yarnpkg.com/nanoid/-/nanoid-3.3.7.tgz#d0c301a691bc8d54efa0a2226ccf3fe2fd656bd8"
  integrity sha512-eSRppjcPIatRIMC1U6UngP8XFcz8MQWGQdt1MTBQ7NaAmvXDfvNxbvWV3x2y6CdEUciCSsDHDQZbhYaB8QEo2g==

picocolors@^1.0.0:
  version "1.0.0"
  resolved "https://registry.yarnpkg.com/picocolors/-/picocolors-1.0.0.tgz#cb5bdc74ff3f51892236eaf79d68bc44564ab81c"
  integrity sha512-1fygroTLlHu66zi26VoTDv8yRgm0Fccecssto+MhsZ0D/DGW2sm8E8AjW7NU5VVTRt5GxbeZ5qBuJr+HyLYkjQ==

postcss@^8.4.14:
  version "8.4.31"
  resolved "https://registry.yarnpkg.com/postcss/-/postcss-8.4.31.tgz#92b451050a9f914da6755af352bdc0192508656d"
  integrity sha512-PS08Iboia9mts/2ygV3eLpY5ghnUcfLV/EXTOW1E2qYxJKGGBUtNjN76FYHnMs36RmARn41bC0AZmn+rR0OVpQ==
  dependencies:
    nanoid "^3.3.6"
    picocolors "^1.0.0"
    source-map-js "^1.0.2"

source-map-js@^1.0.2:
  version "1.0.2"
  resolved "https://registry.yarnpkg.com/source-map-js/-/source-map-js-1.0.2.tgz#adbc361d9c62df380125e7f161f71c826f1e490c"
  integrity sha512-R0XvVJ9WusLiqTCEiGCmICCMplcCkIwwR11mOSD9CR5u+IXYdiseeEuXCVAjS54zqwkLcPNnmU4OeJ6tUrWhDw==

source-map@^0.6.1:
  version "0.6.1"
  resolved "https://registry.yarnpkg.com/source-map/-/source-map-0.6.1.tgz#74722af32e9614e9c287a8d0bbde48b5e2f1a263"
  integrity sha512-UjgapumWlbMhkBgzT7Ykc5YXUT46F0iKu8SGXq0bcwP5dz/h0Plj6enJqjz1Zbq2l5WaqYnrVbwWOWMyF3F47g==

three@^0.129.0:
  version "0.129.0"
  resolved "https://registry.yarnpkg.com/three/-/three-0.129.0.tgz#f5e530bbc96eac5d5b4749cb5da886ef0d42f554"
  integrity sha512-wiWio1yVRg2Oj6WEWsTHQo5eSzYpEwSBtPSi3OofNpvFbf26HFfb9kw4FZJNjII4qxzp0b1xLB11+tKkBGB1ZA==

three@^0.147.0:
  version "0.147.0"
  resolved "https://registry.yarnpkg.com/three/-/three-0.147.0.tgz#1974af9e8e0c1efb3a8561334d57c0b6c29a7951"
  integrity sha512-LPTOslYQXFkmvceQjFTNnVVli2LaVF6C99Pv34fJypp8NbQLbTlu3KinZ0zURghS5zEehK+VQyvWuPZ/Sm8fzw==

tinycolor2@^1.4.2:
  version "1.6.0"
  resolved "https://registry.yarnpkg.com/tinycolor2/-/tinycolor2-1.6.0.tgz#f98007460169b0263b97072c5ae92484ce02d09e"
  integrity sha512-XPaBkWQJdsf3pLKJV9p4qN/S+fm2Oj8AIPo1BTUhg5oxkvm9+SVEGFdhyOz7tTdUTfvxMiAs4sp6/eZO2Ew+pw==

typescript@^4.9.5:
  version "4.9.5"
  resolved "https://registry.yarnpkg.com/typescript/-/typescript-4.9.5.tgz#095979f9bcc0d09da324d58d03ce8f8374cbe65a"
  integrity sha512-1FXk9E2Hm+QzZQ7z+McJiHL4NW1F2EzMu9Nq9i3zAaGqibafqYwCVU6WyWAuyQRRzOlxou8xZSyXLEN8oKj24g==

vue@^2.6.14:
  version "2.7.15"
  resolved "https://registry.yarnpkg.com/vue/-/vue-2.7.15.tgz#94cd34e6e9f22cd2d35a02143f96a5beac1c1f54"
  integrity sha512-a29fsXd2G0KMRqIFTpRgpSbWaNBK3lpCTOLuGLEDnlHWdjB8fwl6zyYZ8xCrqkJdatwZb4mGHiEfJjnw0Q6AwQ==
  dependencies:
    "@vue/compiler-sfc" "2.7.15"
    csstype "^3.1.0"

wintersky@^1.2.1:
  version "1.2.1"
  resolved "https://registry.yarnpkg.com/wintersky/-/wintersky-1.2.1.tgz#c806e6bf0e5a123c49e911487c283205bc369427"
  integrity sha512-fI3XPnDBdKD0uPcb9HPWQzeLXfZOLyJnBiT/A83sdNz4d8jz4I5xTIh3AUnrhZrES9l/q7kG32FJlAXL6e7clw==
  dependencies:
    molangjs "^1.6.1"
    three "^0.147.0"
    tinycolor2 "^1.4.2"
